
Microsoft Visual Studio Solution File, Format Version 12.00
# Visual Studio 15
VisualStudioVersion = 15.0.26730.3
MinimumVisualStudioVersion = 10.0.40219.1
Project("{9A19103F-16F7-4668-BE54-9A1E7A4F7556}") = "Dast", "Dast\Dast.csproj", "{D76A0B3B-5C48-447B-ACB9-4E710689FAEA}"
EndProject
Project("{9A19103F-16F7-4668-BE54-9A1E7A4F7556}") = "Dast.Outputs.Html", "Outputs\Dast.Outputs.Html\Dast.Outputs.Html.csproj", "{3C417A04-B937-410F-B85B-E0311CDAC227}"
EndProject
Project("{2150E333-8FDC-42A3-9474-1A3956D46DE8}") = "Outputs", "Outputs", "{3A4AB93A-8C9F-4CC7-977A-40D918240B1C}"
EndProject
Project("{9A19103F-16F7-4668-BE54-9A1E7A4F7556}") = "Dast.Outputs.GitHubMarkdown", "Outputs\Dast.Outputs.GitHubMarkdown\Dast.Outputs.GitHubMarkdown.csproj", "{7DC91293-73E5-4EE8-A211-6462E08A6F38}"
EndProject
Project("{9A19103F-16F7-4668-BE54-9A1E7A4F7556}") = "Dast.Outputs.Dash", "Outputs\Dast.Outputs.Dash\Dast.Outputs.Dash.csproj", "{F0CC4B4A-BEFA-42F9-8DD1-B49E76631FD5}"
EndProject
Project("{2150E333-8FDC-42A3-9474-1A3956D46DE8}") = "Executables", "Executables", "{C65526A9-0634-4225-8E91-2B831CC558D5}"
EndProject
Project("{9A19103F-16F7-4668-BE54-9A1E7A4F7556}") = "Dast.Console", "Executables\Dast.Console\Dast.Console.csproj", "{53636C4B-7075-41BF-981E-FC1D6103BEC5}"
EndProject
Project("{2150E333-8FDC-42A3-9474-1A3956D46DE8}") = "Inputs", "Inputs", "{807523F9-C274-4B4B-9368-85D16479EBDD}"
EndProject
Project("{9A19103F-16F7-4668-BE54-9A1E7A4F7556}") = "Dast.Inputs.Dash", "Inputs\Dast.Inputs.Dash\Dast.Inputs.Dash.csproj", "{E13738A3-1F74-4D47-ACFF-CC5B48E76A31}"
EndProject
Project("{2150E333-8FDC-42A3-9474-1A3956D46DE8}") = "External", "External", "{E34C93C7-FA2B-4819-8D1D-608241FE9895}"
EndProject
Project("{9A19103F-16F7-4668-BE54-9A1E7A4F7556}") = "MetaGram", "External\DashCSharp\External\MetaGram.Converter\MetaGram\MetaGram.csproj", "{BE606F21-8012-4B88-AF0C-D165E7A0F896}"
EndProject
Project("{9A19103F-16F7-4668-BE54-9A1E7A4F7556}") = "MetaGram.Converter", "External\DashCSharp\External\MetaGram.Converter\MetaGram.Converter\MetaGram.Converter.csproj", "{81907969-B6CF-4670-9838-43A4E3A0B993}"
EndProject
Project("{9A19103F-16F7-4668-BE54-9A1E7A4F7556}") = "MetaGram.Converter.Console", "External\DashCSharp\External\MetaGram.Converter\MetaGram.Converter.Console\MetaGram.Converter.Console.csproj", "{DDC113A0-9DF8-4E1B-A39A-191142DF5358}"
EndProject
Project("{9A19103F-16F7-4668-BE54-9A1E7A4F7556}") = "DashCSharp", "External\DashCSharp\DashCSharp\DashCSharp\DashCSharp.csproj", "{0946CFBB-B802-4DAE-9ED8-846606166A97}"
	ProjectSection(ProjectDependencies) = postProject
		{DDC113A0-9DF8-4E1B-A39A-191142DF5358} = {DDC113A0-9DF8-4E1B-A39A-191142DF5358}
	EndProjectSection
EndProject
Project("{2150E333-8FDC-42A3-9474-1A3956D46DE8}") = "Media", "Media", "{A26EA4A8-2D7B-49D8-89B0-1C8F251A9754}"
EndProject
Project("{2150E333-8FDC-42A3-9474-1A3956D46DE8}") = "Html", "Html", "{6778C58E-4196-4154-8D8D-49BB9D25D92F}"
EndProject
Project("{2150E333-8FDC-42A3-9474-1A3956D46DE8}") = "Markdown", "Markdown", "{8CDD4FCD-3743-4C73-948F-13D28CE069D5}"
EndProject
Project("{9A19103F-16F7-4668-BE54-9A1E7A4F7556}") = "Dast.Media.Html.Core", "Media\Html\Dast.Media.Html.Core\Dast.Media.Html.Core.csproj", "{34131AB5-5905-4002-8FD9-6A1835BF331D}"
EndProject
Project("{9A19103F-16F7-4668-BE54-9A1E7A4F7556}") = "Dast.Media.Contracts", "Media\Dast.Media.Contracts\Dast.Media.Contracts.csproj", "{D7A0DCD9-41C4-4C8D-B2FB-D9A7972582A2}"
EndProject
Project("{9A19103F-16F7-4668-BE54-9A1E7A4F7556}") = "Dast.Media.Markdown.Core", "Media\Markdown\Dast.Media.Markdown.Core\Dast.Media.Markdown.Core.csproj", "{BAEE90F2-379D-4498-99EF-13AA269958B1}"
EndProject
Project("{FAE04EC0-301F-11D3-BF4B-00C04F79EFBC}") = "Dast.Extensibility", "Dast.Extensibility\Dast.Extensibility.csproj", "{A21C97C2-EB2E-487F-9727-4ABD7F625FF2}"
EndProject
Global
	GlobalSection(SolutionConfigurationPlatforms) = preSolution
		Debug|Any CPU = Debug|Any CPU
		Release|Any CPU = Release|Any CPU
	EndGlobalSection
	GlobalSection(ProjectConfigurationPlatforms) = postSolution
		{D76A0B3B-5C48-447B-ACB9-4E710689FAEA}.Debug|Any CPU.ActiveCfg = Debug|Any CPU
		{D76A0B3B-5C48-447B-ACB9-4E710689FAEA}.Debug|Any CPU.Build.0 = Debug|Any CPU
		{D76A0B3B-5C48-447B-ACB9-4E710689FAEA}.Release|Any CPU.ActiveCfg = Release|Any CPU
		{D76A0B3B-5C48-447B-ACB9-4E710689FAEA}.Release|Any CPU.Build.0 = Release|Any CPU
		{3C417A04-B937-410F-B85B-E0311CDAC227}.Debug|Any CPU.ActiveCfg = Debug|Any CPU
		{3C417A04-B937-410F-B85B-E0311CDAC227}.Debug|Any CPU.Build.0 = Debug|Any CPU
		{3C417A04-B937-410F-B85B-E0311CDAC227}.Release|Any CPU.ActiveCfg = Release|Any CPU
		{3C417A04-B937-410F-B85B-E0311CDAC227}.Release|Any CPU.Build.0 = Release|Any CPU
		{7DC91293-73E5-4EE8-A211-6462E08A6F38}.Debug|Any CPU.ActiveCfg = Debug|Any CPU
		{7DC91293-73E5-4EE8-A211-6462E08A6F38}.Debug|Any CPU.Build.0 = Debug|Any CPU
		{7DC91293-73E5-4EE8-A211-6462E08A6F38}.Release|Any CPU.ActiveCfg = Release|Any CPU
		{7DC91293-73E5-4EE8-A211-6462E08A6F38}.Release|Any CPU.Build.0 = Release|Any CPU
		{F0CC4B4A-BEFA-42F9-8DD1-B49E76631FD5}.Debug|Any CPU.ActiveCfg = Debug|Any CPU
		{F0CC4B4A-BEFA-42F9-8DD1-B49E76631FD5}.Debug|Any CPU.Build.0 = Debug|Any CPU
		{F0CC4B4A-BEFA-42F9-8DD1-B49E76631FD5}.Release|Any CPU.ActiveCfg = Release|Any CPU
		{F0CC4B4A-BEFA-42F9-8DD1-B49E76631FD5}.Release|Any CPU.Build.0 = Release|Any CPU
		{53636C4B-7075-41BF-981E-FC1D6103BEC5}.Debug|Any CPU.ActiveCfg = Debug|Any CPU
		{53636C4B-7075-41BF-981E-FC1D6103BEC5}.Debug|Any CPU.Build.0 = Debug|Any CPU
		{53636C4B-7075-41BF-981E-FC1D6103BEC5}.Release|Any CPU.ActiveCfg = Release|Any CPU
		{53636C4B-7075-41BF-981E-FC1D6103BEC5}.Release|Any CPU.Build.0 = Release|Any CPU
		{E13738A3-1F74-4D47-ACFF-CC5B48E76A31}.Debug|Any CPU.ActiveCfg = Debug|Any CPU
		{E13738A3-1F74-4D47-ACFF-CC5B48E76A31}.Debug|Any CPU.Build.0 = Debug|Any CPU
		{E13738A3-1F74-4D47-ACFF-CC5B48E76A31}.Release|Any CPU.ActiveCfg = Release|Any CPU
		{E13738A3-1F74-4D47-ACFF-CC5B48E76A31}.Release|Any CPU.Build.0 = Release|Any CPU
		{BE606F21-8012-4B88-AF0C-D165E7A0F896}.Debug|Any CPU.ActiveCfg = Debug|Any CPU
		{BE606F21-8012-4B88-AF0C-D165E7A0F896}.Debug|Any CPU.Build.0 = Debug|Any CPU
		{BE606F21-8012-4B88-AF0C-D165E7A0F896}.Release|Any CPU.ActiveCfg = Release|Any CPU
		{BE606F21-8012-4B88-AF0C-D165E7A0F896}.Release|Any CPU.Build.0 = Release|Any CPU
		{81907969-B6CF-4670-9838-43A4E3A0B993}.Debug|Any CPU.ActiveCfg = Debug|Any CPU
		{81907969-B6CF-4670-9838-43A4E3A0B993}.Debug|Any CPU.Build.0 = Debug|Any CPU
		{81907969-B6CF-4670-9838-43A4E3A0B993}.Release|Any CPU.ActiveCfg = Release|Any CPU
		{81907969-B6CF-4670-9838-43A4E3A0B993}.Release|Any CPU.Build.0 = Release|Any CPU
		{DDC113A0-9DF8-4E1B-A39A-191142DF5358}.Debug|Any CPU.ActiveCfg = Debug|Any CPU
		{DDC113A0-9DF8-4E1B-A39A-191142DF5358}.Debug|Any CPU.Build.0 = Debug|Any CPU
		{DDC113A0-9DF8-4E1B-A39A-191142DF5358}.Release|Any CPU.ActiveCfg = Release|Any CPU
		{DDC113A0-9DF8-4E1B-A39A-191142DF5358}.Release|Any CPU.Build.0 = Release|Any CPU
		{0946CFBB-B802-4DAE-9ED8-846606166A97}.Debug|Any CPU.ActiveCfg = Debug|Any CPU
		{0946CFBB-B802-4DAE-9ED8-846606166A97}.Debug|Any CPU.Build.0 = Debug|Any CPU
		{0946CFBB-B802-4DAE-9ED8-846606166A97}.Release|Any CPU.ActiveCfg = Release|Any CPU
		{0946CFBB-B802-4DAE-9ED8-846606166A97}.Release|Any CPU.Build.0 = Release|Any CPU
		{34131AB5-5905-4002-8FD9-6A1835BF331D}.Debug|Any CPU.ActiveCfg = Debug|Any CPU
		{34131AB5-5905-4002-8FD9-6A1835BF331D}.Debug|Any CPU.Build.0 = Debug|Any CPU
		{34131AB5-5905-4002-8FD9-6A1835BF331D}.Release|Any CPU.ActiveCfg = Release|Any CPU
		{34131AB5-5905-4002-8FD9-6A1835BF331D}.Release|Any CPU.Build.0 = Release|Any CPU
		{D7A0DCD9-41C4-4C8D-B2FB-D9A7972582A2}.Debug|Any CPU.ActiveCfg = Debug|Any CPU
		{D7A0DCD9-41C4-4C8D-B2FB-D9A7972582A2}.Debug|Any CPU.Build.0 = Debug|Any CPU
		{D7A0DCD9-41C4-4C8D-B2FB-D9A7972582A2}.Release|Any CPU.ActiveCfg = Release|Any CPU
		{D7A0DCD9-41C4-4C8D-B2FB-D9A7972582A2}.Release|Any CPU.Build.0 = Release|Any CPU
		{BAEE90F2-379D-4498-99EF-13AA269958B1}.Debug|Any CPU.ActiveCfg = Debug|Any CPU
		{BAEE90F2-379D-4498-99EF-13AA269958B1}.Debug|Any CPU.Build.0 = Debug|Any CPU
		{BAEE90F2-379D-4498-99EF-13AA269958B1}.Release|Any CPU.ActiveCfg = Release|Any CPU
		{BAEE90F2-379D-4498-99EF-13AA269958B1}.Release|Any CPU.Build.0 = Release|Any CPU
		{A21C97C2-EB2E-487F-9727-4ABD7F625FF2}.Debug|Any CPU.ActiveCfg = Debug|Any CPU
		{A21C97C2-EB2E-487F-9727-4ABD7F625FF2}.Debug|Any CPU.Build.0 = Debug|Any CPU
		{A21C97C2-EB2E-487F-9727-4ABD7F625FF2}.Release|Any CPU.ActiveCfg = Release|Any CPU
		{A21C97C2-EB2E-487F-9727-4ABD7F625FF2}.Release|Any CPU.Build.0 = Release|Any CPU
	EndGlobalSection
	GlobalSection(SolutionProperties) = preSolution
		HideSolutionNode = FALSE
	EndGlobalSection
	GlobalSection(NestedProjects) = preSolution
		{3C417A04-B937-410F-B85B-E0311CDAC227} = {3A4AB93A-8C9F-4CC7-977A-40D918240B1C}
		{7DC91293-73E5-4EE8-A211-6462E08A6F38} = {3A4AB93A-8C9F-4CC7-977A-40D918240B1C}
		{F0CC4B4A-BEFA-42F9-8DD1-B49E76631FD5} = {3A4AB93A-8C9F-4CC7-977A-40D918240B1C}
		{53636C4B-7075-41BF-981E-FC1D6103BEC5} = {C65526A9-0634-4225-8E91-2B831CC558D5}
		{E13738A3-1F74-4D47-ACFF-CC5B48E76A31} = {807523F9-C274-4B4B-9368-85D16479EBDD}
		{BE606F21-8012-4B88-AF0C-D165E7A0F896} = {E34C93C7-FA2B-4819-8D1D-608241FE9895}
		{81907969-B6CF-4670-9838-43A4E3A0B993} = {E34C93C7-FA2B-4819-8D1D-608241FE9895}
		{DDC113A0-9DF8-4E1B-A39A-191142DF5358} = {E34C93C7-FA2B-4819-8D1D-608241FE9895}
		{0946CFBB-B802-4DAE-9ED8-846606166A97} = {E34C93C7-FA2B-4819-8D1D-608241FE9895}
		{6778C58E-4196-4154-8D8D-49BB9D25D92F} = {A26EA4A8-2D7B-49D8-89B0-1C8F251A9754}
		{8CDD4FCD-3743-4C73-948F-13D28CE069D5} = {A26EA4A8-2D7B-49D8-89B0-1C8F251A9754}
		{34131AB5-5905-4002-8FD9-6A1835BF331D} = {6778C58E-4196-4154-8D8D-49BB9D25D92F}
		{BAEE90F2-379D-4498-99EF-13AA269958B1} = {8CDD4FCD-3743-4C73-948F-13D28CE069D5}
	EndGlobalSection
	GlobalSection(ExtensibilityGlobals) = postSolution
		SolutionGuid = {C01F5808-52A2-4B22-9F43-FA9D28A4EFB0}
	EndGlobalSection
EndGlobal
